# This file was autogenerated by Stack.
# You should not edit this file by hand.
# For more information, please see the documentation at:
#   https://docs.haskellstack.org/en/stable/lock_files

packages:
- completed:
    hackage: twitter-conduit-0.5.1@sha256:b38dffc6d9dee78a2b7b845ada4a61928eb9a41a76d49afe1273f40afc26da2e,3735
    pantry-tree:
      size: 2652
      sha256: ccc0e775ab710570bca539d70286f4091b290c7b2d725e7baf389ff1bc626396
  original:
    hackage: twitter-conduit-0.5.1@sha256:b38dffc6d9dee78a2b7b845ada4a61928eb9a41a76d49afe1273f40afc26da2e,3735
- completed:
    hackage: twitter-types-0.10.1@sha256:5ebed648815b96f54b0b1d3e86b3443d8900a86ce3ab885d71fb8c1ba5aacbc0,1568
    pantry-tree:
      size: 2921
      sha256: 5edadc18ca570a7e53ef3b78415b7df64b429ee4374acfd604ee09a1d3bb10d6
  original:
    hackage: twitter-types-0.10.1@sha256:5ebed648815b96f54b0b1d3e86b3443d8900a86ce3ab885d71fb8c1ba5aacbc0,1568
- completed:
    hackage: twitter-types-lens-0.10.1@sha256:a67c2eef9de7d80b0993d1e74ca82fde0956ed4ace2587d1a3fedfa88b3c4bd5,954
    pantry-tree:
      size: 295
      sha256: 5b6c7635a88d51c9931ddd9d39d24448e40855b02b42befbfe4fac521411ec9a
  original:
    hackage: twitter-types-lens-0.10.1@sha256:a67c2eef9de7d80b0993d1e74ca82fde0956ed4ace2587d1a3fedfa88b3c4bd5,954
snapshots:
- completed:
    size: 587546
    url: https://raw.githubusercontent.com/commercialhaskell/stackage-snapshots/master/lts/18/10.yaml
    sha256: 88b4f81e162ba3adc230a9fcccc4d19ac116377656bab56c7382ca88598b257a
  original:
    url: https://raw.githubusercontent.com/commercialhaskell/stackage-snapshots/master/lts/18/10.yaml
